
Microsoft Visual Studio Solution File, Format Version 12.00
# Visual Studio 15
VisualStudioVersion = 15.0.28307.1062
MinimumVisualStudioVersion = 10.0.40219.1
Project("{FAE04EC0-301F-11D3-BF4B-00C04F79EFBC}") = "Entity", "Entity\Entity.csproj", "{D4737C89-12BA-464C-B163-A08B63442031}"
EndProject
Project("{FAE04EC0-301F-11D3-BF4B-00C04F79EFBC}") = "DataAccess", "DataAccess\DataAccess.csproj", "{D6A659AA-B66D-4292-BB42-D67C3FA6B1E1}"
EndProject
Project("{FAE04EC0-301F-11D3-BF4B-00C04F79EFBC}") = "Logic", "Logic\Logic.csproj", "{E6470814-5241-4B33-B481-52DF671C8669}"
EndProject
Project("{FAE04EC0-301F-11D3-BF4B-00C04F79EFBC}") = "Presentation", "Presentation\Presentation.csproj", "{549021BA-1763-49BE-ABFF-8B4F4E3E0667}"
EndProject
Global
	GlobalSection(SolutionConfigurationPlatforms) = preSolution
		Debug|Any CPU = Debug|Any CPU
		Release|Any CPU = Release|Any CPU
	EndGlobalSection
	GlobalSection(ProjectConfigurationPlatforms) = postSolution
		{D4737C89-12BA-464C-B163-A08B63442031}.Debug|Any CPU.ActiveCfg = Debug|Any CPU
		{D4737C89-12BA-464C-B163-A08B63442031}.Debug|Any CPU.Build.0 = Debug|Any CPU
		{D4737C89-12BA-464C-B163-A08B63442031}.Release|Any CPU.ActiveCfg = Release|Any CPU
		{D4737C89-12BA-464C-B163-A08B63442031}.Release|Any CPU.Build.0 = Release|Any CPU
		{D6A659AA-B66D-4292-BB42-D67C3FA6B1E1}.Debug|Any CPU.ActiveCfg = Debug|Any CPU
		{D6A659AA-B66D-4292-BB42-D67C3FA6B1E1}.Debug|Any CPU.Build.0 = Debug|Any CPU
		{D6A659AA-B66D-4292-BB42-D67C3FA6B1E1}.Release|Any CPU.ActiveCfg = Release|Any CPU
		{D6A659AA-B66D-4292-BB42-D67C3FA6B1E1}.Release|Any CPU.Build.0 = Release|Any CPU
		{E6470814-5241-4B33-B481-52DF671C8669}.Debug|Any CPU.ActiveCfg = Debug|Any CPU
		{E6470814-5241-4B33-B481-52DF671C8669}.Debug|Any CPU.Build.0 = Debug|Any CPU
		{E6470814-5241-4B33-B481-52DF671C8669}.Release|Any CPU.ActiveCfg = Release|Any CPU
		{E6470814-5241-4B33-B481-52DF671C8669}.Release|Any CPU.Build.0 = Release|Any CPU
		{549021BA-1763-49BE-ABFF-8B4F4E3E0667}.Debug|Any CPU.ActiveCfg = Debug|Any CPU
		{549021BA-1763-49BE-ABFF-8B4F4E3E0667}.Debug|Any CPU.Build.0 = Debug|Any CPU
		{549021BA-1763-49BE-ABFF-8B4F4E3E0667}.Release|Any CPU.ActiveCfg = Release|Any CPU
		{549021BA-1763-49BE-ABFF-8B4F4E3E0667}.Release|Any CPU.Build.0 = Release|Any CPU
	EndGlobalSection
	GlobalSection(SolutionProperties) = preSolution
		HideSolutionNode = FALSE
	EndGlobalSection
	GlobalSection(ExtensibilityGlobals) = postSolution
		SolutionGuid = {5F267295-1148-4B70-BDA8-0C8329998D19}
	EndGlobalSection
EndGlobal
